
Microsoft Visual Studio Solution File, Format Version 11.00
# Visual Studio 2010
Project("{FAE04EC0-301F-11D3-BF4B-00C04F79EFBC}") = "ImageEdit", "ImageEdit\ImageEdit.csproj", "{3CFB4779-460C-4521-B80C-90B2A146EBDF}"
EndProject
Global
	GlobalSection(SolutionConfigurationPlatforms) = preSolution
		Debug|Any CPU = Debug|Any CPU
		Release|Any CPU = Release|Any CPU
	EndGlobalSection
	GlobalSection(ProjectConfigurationPlatforms) = postSolution
		{3CFB4779-460C-4521-B80C-90B2A146EBDF}.Debug|Any CPU.ActiveCfg = Debug|Any CPU
		{3CFB4779-460C-4521-B80C-90B2A146EBDF}.Debug|Any CPU.Build.0 = Debug|Any CPU
		{3CFB4779-460C-4521-B80C-90B2A146EBDF}.Release|Any CPU.ActiveCfg = Release|Any CPU
		{3CFB4779-460C-4521-B80C-90B2A146EBDF}.Release|Any CPU.Build.0 = Release|Any CPU
	EndGlobalSection
	GlobalSection(SolutionProperties) = preSolution
		HideSolutionNode = FALSE
	EndGlobalSection
EndGlobal
